# This file is autogenerated, do not edit; changes may be undone by the next 'dep ensure'.


[[projects]]
  name = "github.com/Microsoft/go-winio"
  packages = ["."]
  revision = "ce2922f643c8fd76b46cadc7f404a06282678b34"

[[projects]]
  name = "github.com/Sirupsen/logrus"
  packages = ["."]
  revision = "f3cfb454f4c209e6668c95216c4744b8fddb2356"

[[projects]]
  name = "github.com/docker/distribution"
  packages = ["digestset","reference"]
  revision = "b1993c95303df3d0214129d85382c3c573e4df20"

[[projects]]
  name = "github.com/docker/docker"
  packages = ["api/types","api/types/blkiodev","api/types/container","api/types/events","api/types/filters","api/types/image","api/types/mount","api/types/network","api/types/registry","api/types/strslice","api/types/swarm","api/types/time","api/types/versions","api/types/volume","client","pkg/tlsconfig"]
  revision = "41650df87e55c0d018c66d0d221920f87c343391"

[[projects]]
  name = "github.com/docker/go-connections"
  packages = ["nat","sockets","tlsconfig"]
  revision = "990a1a1a70b0da4c4cb70e117971a4f0babfbf1a"
  version = "v0.2.1"

[[projects]]
  name = "github.com/docker/go-units"
  packages = ["."]
  revision = "5d2041e26a699eaca682e2ea41c8f891e1060444"
  version = "v0.3.0"

[[projects]]
  name = "github.com/gorilla/context"
  packages = ["."]
  revision = "1ea25387ff6f684839d82767c1733ff4d4d15d0a"
  version = "v1.1"

[[projects]]
  name = "github.com/gorilla/mux"
  packages = ["."]
  revision = "392c28fe23e1c45ddba891b0320b3b5df220beea"
  version = "v1.3.0"

[[projects]]
  name = "github.com/gorilla/websocket"
  packages = ["."]
  revision = "c36f2fe5c330f0ac404b616b96c438b8616b1aaf"

[[projects]]
  name = "github.com/opencontainers/go-digest"
  packages = ["."]
  revision = "aa2ec055abd10d26d539eb630a92241b781ce4bc"
  version = "v1.0.0-rc0"

[[projects]]
  name = "github.com/opencontainers/runc"
  packages = ["libcontainer/user"]
  revision = "7221e387826c9918fa9fd6e7975baf4d30c8fa54"

[[projects]]
  name = "github.com/pkg/errors"
  packages = ["."]
  revision = "248dadf4e9068a0b3e79f02ed0a610d935de5302"

[[projects]]
  name = "golang.org/x/net"
  packages = ["context","context/ctxhttp","proxy"]
  revision = "b6d7b1396ec874c3b00f6c84cd4301a17c56c8ed"

[[projects]]
  name = "golang.org/x/sys"
  packages = ["unix","windows"]
  revision = "eb2c74142fd19a79b3f237334c7384d5167b1b46"

[solve-meta]
  analyzer-name = "dep"
  analyzer-version = 1
  inputs-digest = "00fd281f7fcf90f933f289ca1a5af2f720e164f8ff4614ac8673e81b0c85d9ca"
  solver-name = "gps-cdcl"
  solver-version = 1
